GEM
  remote: https://rubygems.org/
  specs:
    dotenv (3.1.8)
    nokogiri (1.17.2-arm64-darwin)
      racc (~> 1.4)
    nokogiri (1.17.2-x86_64-linux)
      racc (~> 1.4)
    racc (1.8.1)
    rexml (3.4.4)
    rss (0.3.1)
      rexml
    x (0.14.1)

PLATFORMS
  arm64-darwin
  arm64-darwin-21
  x86_64-linux

DEPENDENCIES
  dotenv
  nokogiri
  rss
  x (~> 0.14.1)

BUNDLED WITH
   2.3.25
